// !$*UTF8*$!
{
	archiveVersion = 1;
	classes = {
	};
	objectVersion = 56;
	objects = {

/* Begin PBXBuildFile section */
		2F004B2F2C576D8A0079CC95 /* ContentView_094.swift in Sources */ = {isa = PBXBuildFile; fileRef = 2F004B2E2C576D8A0079CC95 /* ContentView_094.swift */; };
		2F01CDE82C1072A900CA4137 /* ContentView_051.swift in Sources */ = {isa = PBXBuildFile; fileRef = 2F01CDE72C1072A900CA4137 /* ContentView_051.swift */; };
		2F01CDEC2C107E0500CA4137 /* Double+.swift in Sources */ = {isa = PBXBuildFile; fileRef = 2F01CDEB2C107E0500CA4137 /* Double+.swift */; };
		2F0C23E12BF45CED0052EF35 /* ContentView_021.swift in Sources */ = {isa = PBXBuildFile; fileRef = 2F0C23E02BF45CED0052EF35 /* ContentView_021.swift */; };
		2F0C23E32BF4621F0052EF35 /* ContentView_022.swift in Sources */ = {isa = PBXBuildFile; fileRef = 2F0C23E22BF4621F0052EF35 /* ContentView_022.swift */; };
		2F252A5D2C11B11300B240BE /* ContentView_052.swift in Sources */ = {isa = PBXBuildFile; fileRef = 2F252A5C2C11B11300B240BE /* ContentView_052.swift */; };
		2F252A5F2C129AFA00B240BE /* ContentView_053.swift in Sources */ = {isa = PBXBuildFile; fileRef = 2F252A5E2C129AFA00B240BE /* ContentView_053.swift */; };
		2F252A612C12A31F00B240BE /* ContentView_054.swift in Sources */ = {isa = PBXBuildFile; fileRef = 2F252A602C12A31F00B240BE /* ContentView_054.swift */; };
		2F252A632C12A7F500B240BE /* ContentView_055.swift in Sources */ = {isa = PBXBuildFile; fileRef = 2F252A622C12A7F500B240BE /* ContentView_055.swift */; };
		2F29D8C42C3FD01300F39A45 /* ContentView_093.swift in Sources */ = {isa = PBXBuildFile; fileRef = 2F29D8C32C3FD01300F39A45 /* ContentView_093.swift */; };
		2F29D8C62C3FD43200F39A45 /* AttributedString+.swift in Sources */ = {isa = PBXBuildFile; fileRef = 2F29D8C52C3FD43200F39A45 /* AttributedString+.swift */; };
		2F3538312C2BA42B007CCC78 /* ContentView_081.swift in Sources */ = {isa = PBXBuildFile; fileRef = 2F3538302C2BA42B007CCC78 /* ContentView_081.swift */; };
		2F3538332C352E29007CCC78 /* ContentView_090.swift in Sources */ = {isa = PBXBuildFile; fileRef = 2F3538322C352E29007CCC78 /* ContentView_090.swift */; };
		2F3538352C3633B1007CCC78 /* ContentView_091.swift in Sources */ = {isa = PBXBuildFile; fileRef = 2F3538342C3633B1007CCC78 /* ContentView_091.swift */; };
		2F3538372C377C7E007CCC78 /* ContentView_092.swift in Sources */ = {isa = PBXBuildFile; fileRef = 2F3538362C377C7E007CCC78 /* ContentView_092.swift */; };
		2F6F5A012C003A0B001049B3 /* ContentView_037.swift in Sources */ = {isa = PBXBuildFile; fileRef = 2F6F5A002C003A0B001049B3 /* ContentView_037.swift */; };
		2F6F5A032C003DEF001049B3 /* ContentView_038.swift in Sources */ = {isa = PBXBuildFile; fileRef = 2F6F5A022C003DEF001049B3 /* ContentView_038.swift */; };
		2F6F5A052C003F34001049B3 /* ContentView_039.swift in Sources */ = {isa = PBXBuildFile; fileRef = 2F6F5A042C003F34001049B3 /* ContentView_039.swift */; };
		2F8F888A2C05EA2800A3DF90 /* ContentView_040.swift in Sources */ = {isa = PBXBuildFile; fileRef = 2F8F88892C05EA2800A3DF90 /* ContentView_040.swift */; };
		2F8F888C2C05EE1A00A3DF90 /* ContentView_041.swift in Sources */ = {isa = PBXBuildFile; fileRef = 2F8F888B2C05EE1A00A3DF90 /* ContentView_041.swift */; };
		2F8F888E2C0855DA00A3DF90 /* ContentView_043.swift in Sources */ = {isa = PBXBuildFile; fileRef = 2F8F888D2C0855DA00A3DF90 /* ContentView_043.swift */; };
		2F8F88922C085BC500A3DF90 /* ContentView_042.swift in Sources */ = {isa = PBXBuildFile; fileRef = 2F8F88912C085BC500A3DF90 /* ContentView_042.swift */; };
		2F8F88942C08610200A3DF90 /* ContentView_044.swift in Sources */ = {isa = PBXBuildFile; fileRef = 2F8F88932C08610200A3DF90 /* ContentView_044.swift */; };
		2F8F88962C08667700A3DF90 /* ContentView_045.swift in Sources */ = {isa = PBXBuildFile; fileRef = 2F8F88952C08667700A3DF90 /* ContentView_045.swift */; };
		2F91A56F2BF465F300E5B7D3 /* ContentView_023.swift in Sources */ = {isa = PBXBuildFile; fileRef = 2F91A56E2BF465F300E5B7D3 /* ContentView_023.swift */; };
		2F91A5712BF4B84A00E5B7D3 /* ContentView_024.swift in Sources */ = {isa = PBXBuildFile; fileRef = 2F91A5702BF4B84A00E5B7D3 /* ContentView_024.swift */; };
		2F91A5732BF5E02700E5B7D3 /* ContentView_025.swift in Sources */ = {isa = PBXBuildFile; fileRef = 2F91A5722BF5E02700E5B7D3 /* ContentView_025.swift */; };
		2F91A5772BF759AC00E5B7D3 /* ContentView_026.swift in Sources */ = {isa = PBXBuildFile; fileRef = 2F91A5762BF759AB00E5B7D3 /* ContentView_026.swift */; };
		2F91A57B2BF75F9B00E5B7D3 /* ContentView_027.swift in Sources */ = {isa = PBXBuildFile; fileRef = 2F91A57A2BF75F9B00E5B7D3 /* ContentView_027.swift */; };
		2F91A57D2BFB19F600E5B7D3 /* ContentView_028.swift in Sources */ = {isa = PBXBuildFile; fileRef = 2F91A57C2BFB19F600E5B7D3 /* ContentView_028.swift */; };
		2F91A57F2BFB1C0D00E5B7D3 /* ContentView_029.swift in Sources */ = {isa = PBXBuildFile; fileRef = 2F91A57E2BFB1C0D00E5B7D3 /* ContentView_029.swift */; };
		2F91A5812BFB1E3900E5B7D3 /* ContentView_030.swift in Sources */ = {isa = PBXBuildFile; fileRef = 2F91A5802BFB1E3900E5B7D3 /* ContentView_030.swift */; };
		2F91A5832BFC418B00E5B7D3 /* ContentView_031.swift in Sources */ = {isa = PBXBuildFile; fileRef = 2F91A5822BFC418B00E5B7D3 /* ContentView_031.swift */; };
		2F91A5852BFC437D00E5B7D3 /* ContentView_032.swift in Sources */ = {isa = PBXBuildFile; fileRef = 2F91A5842BFC437D00E5B7D3 /* ContentView_032.swift */; };
		2F91A5872BFC95B500E5B7D3 /* ContentView_033.swift in Sources */ = {isa = PBXBuildFile; fileRef = 2F91A5862BFC95B500E5B7D3 /* ContentView_033.swift */; };
		2F91A5892BFD963C00E5B7D3 /* ContentView_034.swift in Sources */ = {isa = PBXBuildFile; fileRef = 2F91A5882BFD963C00E5B7D3 /* ContentView_034.swift */; };
		2F91A58B2BFD9D3900E5B7D3 /* ContentView_035.swift in Sources */ = {isa = PBXBuildFile; fileRef = 2F91A58A2BFD9D3900E5B7D3 /* ContentView_035.swift */; };
		2F91A58D2BFDA01B00E5B7D3 /* ContentView_036.swift in Sources */ = {isa = PBXBuildFile; fileRef = 2F91A58C2BFDA01B00E5B7D3 /* ContentView_036.swift */; };
		2FBFAA802BE9B6A200299F05 /* ContentView_008.swift in Sources */ = {isa = PBXBuildFile; fileRef = 2FBFAA7F2BE9B6A200299F05 /* ContentView_008.swift */; };
		2FBFAA822BE9B8FE00299F05 /* ContentView_009.swift in Sources */ = {isa = PBXBuildFile; fileRef = 2FBFAA812BE9B8FE00299F05 /* ContentView_009.swift */; };
		2FBFAA852BE9BA8600299F05 /* ContentView_010.swift in Sources */ = {isa = PBXBuildFile; fileRef = 2FBFAA842BE9BA8600299F05 /* ContentView_010.swift */; };
		2FBFAA872BEB208000299F05 /* ContentView_011.swift in Sources */ = {isa = PBXBuildFile; fileRef = 2FBFAA862BEB208000299F05 /* ContentView_011.swift */; };
		2FBFAA892BEB230100299F05 /* ContentView_012.swift in Sources */ = {isa = PBXBuildFile; fileRef = 2FBFAA882BEB230100299F05 /* ContentView_012.swift */; };
		2FBFAA8B2BEB241600299F05 /* ContentView_013.swift in Sources */ = {isa = PBXBuildFile; fileRef = 2FBFAA8A2BEB241600299F05 /* ContentView_013.swift */; };
		2FBFAA8D2BEB26EC00299F05 /* ContentView_014.swift in Sources */ = {isa = PBXBuildFile; fileRef = 2FBFAA8C2BEB26EC00299F05 /* ContentView_014.swift */; };
		2FBFAA8F2BEB28FC00299F05 /* ContentView_015.swift in Sources */ = {isa = PBXBuildFile; fileRef = 2FBFAA8E2BEB28FC00299F05 /* ContentView_015.swift */; };
		2FBFAA922BECA6C100299F05 /* ContentView_016.swift in Sources */ = {isa = PBXBuildFile; fileRef = 2FBFAA912BECA6C100299F05 /* ContentView_016.swift */; };
		2FBFAA942BECF19500299F05 /* ContentView_017.swift in Sources */ = {isa = PBXBuildFile; fileRef = 2FBFAA932BECF19500299F05 /* ContentView_017.swift */; };
		2FBFAA962BEDA14300299F05 /* ContentView_018.swift in Sources */ = {isa = PBXBuildFile; fileRef = 2FBFAA952BEDA14300299F05 /* ContentView_018.swift */; };
		2FBFAA982BEDA85000299F05 /* ContentView_019.swift in Sources */ = {isa = PBXBuildFile; fileRef = 2FBFAA972BEDA85000299F05 /* ContentView_019.swift */; };
		2FBFAA9A2BEDAD5D00299F05 /* ContentView_020.swift in Sources */ = {isa = PBXBuildFile; fileRef = 2FBFAA992BEDAD5D00299F05 /* ContentView_020.swift */; };
		2FD6A1D72C170B8300E82E6B /* ContentView_056.swift in Sources */ = {isa = PBXBuildFile; fileRef = 2FD6A1D62C170B8300E82E6B /* ContentView_056.swift */; };
		2FD6A1D92C17EE0B00E82E6B /* ContentView_057.swift in Sources */ = {isa = PBXBuildFile; fileRef = 2FD6A1D82C17EE0B00E82E6B /* ContentView_057.swift */; };
		2FD6A1DB2C19864E00E82E6B /* ContentView_058.swift in Sources */ = {isa = PBXBuildFile; fileRef = 2FD6A1DA2C19864E00E82E6B /* ContentView_058.swift */; };
		2FD6A1DD2C19887000E82E6B /* ContentView_059.swift in Sources */ = {isa = PBXBuildFile; fileRef = 2FD6A1DC2C19887000E82E6B /* ContentView_059.swift */; };
		2FD6A1E12C198EC600E82E6B /* ContentView_060.swift in Sources */ = {isa = PBXBuildFile; fileRef = 2FD6A1E02C198EC600E82E6B /* ContentView_060.swift */; };
		2FD6A1E32C1A845200E82E6B /* ContentView_062.swift in Sources */ = {isa = PBXBuildFile; fileRef = 2FD6A1E22C1A845200E82E6B /* ContentView_062.swift */; };
		2FD6A1E52C1AC13200E82E6B /* ContentView_063.swift in Sources */ = {isa = PBXBuildFile; fileRef = 2FD6A1E42C1AC13200E82E6B /* ContentView_063.swift */; };
		2FD6A1E82C1BECA700E82E6B /* ContentView_065.swift in Sources */ = {isa = PBXBuildFile; fileRef = 2FD6A1E72C1BECA700E82E6B /* ContentView_065.swift */; };
		2FD6A1EC2C1BFFCE00E82E6B /* LocationManager.swift in Sources */ = {isa = PBXBuildFile; fileRef = 2FD6A1EB2C1BFFCE00E82E6B /* LocationManager.swift */; };
		2FD6A1F02C1C016A00E82E6B /* ContentView_078.swift in Sources */ = {isa = PBXBuildFile; fileRef = 2FD6A1EF2C1C016A00E82E6B /* ContentView_078.swift */; };
		2FD6A1F22C211E2000E82E6B /* ContentView_079.swift in Sources */ = {isa = PBXBuildFile; fileRef = 2FD6A1F12C211E2000E82E6B /* ContentView_079.swift */; };
		2FD6A1F42C227C9D00E82E6B /* ContentView_080.swift in Sources */ = {isa = PBXBuildFile; fileRef = 2FD6A1F32C227C9D00E82E6B /* ContentView_080.swift */; };
		2FD9D1412C095ADC009AD76F /* ContentView_046.swift in Sources */ = {isa = PBXBuildFile; fileRef = 2FD9D1402C095ADC009AD76F /* ContentView_046.swift */; };
		2FD9D1432C095EEC009AD76F /* ContentView_048.swift in Sources */ = {isa = PBXBuildFile; fileRef = 2FD9D1422C095EEC009AD76F /* ContentView_048.swift */; };
		2FE0D4522BE1F7FB000AC1A0 /* SwiftUI_100_Knocks_ChallengeApp.swift in Sources */ = {isa = PBXBuildFile; fileRef = 2FE0D4512BE1F7FB000AC1A0 /* SwiftUI_100_Knocks_ChallengeApp.swift */; };
		2FE0D4562BE1F7FC000AC1A0 /* Assets.xcassets in Resources */ = {isa = PBXBuildFile; fileRef = 2FE0D4552BE1F7FC000AC1A0 /* Assets.xcassets */; };
		2FE0D4592BE1F7FC000AC1A0 /* Preview Assets.xcassets in Resources */ = {isa = PBXBuildFile; fileRef = 2FE0D4582BE1F7FC000AC1A0 /* Preview Assets.xcassets */; };
		2FE0D4622BE1F878000AC1A0 /* ContentView_001.swift in Sources */ = {isa = PBXBuildFile; fileRef = 2FE0D4612BE1F878000AC1A0 /* ContentView_001.swift */; };
		2FE0D4672BE21EBE000AC1A0 /* ContentView_002.swift in Sources */ = {isa = PBXBuildFile; fileRef = 2FE0D4662BE21EBE000AC1A0 /* ContentView_002.swift */; };
		2FE0D46A2BE21FDF000AC1A0 /* ContentView_003.swift in Sources */ = {isa = PBXBuildFile; fileRef = 2FE0D4692BE21FDF000AC1A0 /* ContentView_003.swift */; };
		2FE0D4702BE22FA3000AC1A0 /* ViewWithTitle.swift in Sources */ = {isa = PBXBuildFile; fileRef = 2FE0D46F2BE22FA3000AC1A0 /* ViewWithTitle.swift */; };
		2FE0D4782BE32B23000AC1A0 /* ContentView_004.swift in Sources */ = {isa = PBXBuildFile; fileRef = 2FE0D4772BE32B23000AC1A0 /* ContentView_004.swift */; };
		2FE0D47A2BE32E4A000AC1A0 /* ContentView_005.swift in Sources */ = {isa = PBXBuildFile; fileRef = 2FE0D4792BE32E4A000AC1A0 /* ContentView_005.swift */; };
		2FE0D47C2BE3300E000AC1A0 /* ContentView_006.swift in Sources */ = {isa = PBXBuildFile; fileRef = 2FE0D47B2BE3300E000AC1A0 /* ContentView_006.swift */; };
		2FE0D47E2BE9AFE9000AC1A0 /* ContentView_007.swift in Sources */ = {isa = PBXBuildFile; fileRef = 2FE0D47D2BE9AFE9000AC1A0 /* ContentView_007.swift */; };
		2FF655C02C0DAD1F00B02015 /* ContentView_049.swift in Sources */ = {isa = PBXBuildFile; fileRef = 2FF655BF2C0DAD1F00B02015 /* ContentView_049.swift */; };
		2FF655C42C0DAEF400B02015 /* melody.mp3 in Resources */ = {isa = PBXBuildFile; fileRef = 2FF655C32C0DAEF400B02015 /* melody.mp3 */; };
		2FF655C62C0EAA1800B02015 /* ContentView_050.swift in Sources */ = {isa = PBXBuildFile; fileRef = 2FF655C52C0EAA1800B02015 /* ContentView_050.swift */; };
		2FF655C92C0EB55800B02015 /* SortButton.swift in Sources */ = {isa = PBXBuildFile; fileRef = 2FF655C82C0EB55800B02015 /* SortButton.swift */; };
/* End PBXBuildFile section */

/* Begin PBXFileReference section */
		2F004B2E2C576D8A0079CC95 /* ContentView_094.swift */ = {isa = PBXFileReference; fileEncoding = 4; lastKnownFileType = sourcecode.swift; path = ContentView_094.swift; sourceTree = "<group>"; };
		2F01CDE72C1072A900CA4137 /* ContentView_051.swift */ = {isa = PBXFileReference; fileEncoding = 4; lastKnownFileType = sourcecode.swift; path = ContentView_051.swift; sourceTree = "<group>"; };
		2F01CDEB2C107E0500CA4137 /* Double+.swift */ = {isa = PBXFileReference; lastKnownFileType = sourcecode.swift; path = "Double+.swift"; sourceTree = "<group>"; };
		2F0C23E02BF45CED0052EF35 /* ContentView_021.swift */ = {isa = PBXFileReference; fileEncoding = 4; lastKnownFileType = sourcecode.swift; path = ContentView_021.swift; sourceTree = "<group>"; };
		2F0C23E22BF4621F0052EF35 /* ContentView_022.swift */ = {isa = PBXFileReference; fileEncoding = 4; lastKnownFileType = sourcecode.swift; path = ContentView_022.swift; sourceTree = "<group>"; };
		2F252A5C2C11B11300B240BE /* ContentView_052.swift */ = {isa = PBXFileReference; fileEncoding = 4; lastKnownFileType = sourcecode.swift; path = ContentView_052.swift; sourceTree = "<group>"; };
		2F252A5E2C129AFA00B240BE /* ContentView_053.swift */ = {isa = PBXFileReference; fileEncoding = 4; lastKnownFileType = sourcecode.swift; path = ContentView_053.swift; sourceTree = "<group>"; };
		2F252A602C12A31F00B240BE /* ContentView_054.swift */ = {isa = PBXFileReference; fileEncoding = 4; lastKnownFileType = sourcecode.swift; path = ContentView_054.swift; sourceTree = "<group>"; };
		2F252A622C12A7F500B240BE /* ContentView_055.swift */ = {isa = PBXFileReference; fileEncoding = 4; lastKnownFileType = sourcecode.swift; path = ContentView_055.swift; sourceTree = "<group>"; };
		2F29D8C32C3FD01300F39A45 /* ContentView_093.swift */ = {isa = PBXFileReference; fileEncoding = 4; lastKnownFileType = sourcecode.swift; path = ContentView_093.swift; sourceTree = "<group>"; };
		2F29D8C52C3FD43200F39A45 /* AttributedString+.swift */ = {isa = PBXFileReference; lastKnownFileType = sourcecode.swift; path = "AttributedString+.swift"; sourceTree = "<group>"; };
		2F3538302C2BA42B007CCC78 /* ContentView_081.swift */ = {isa = PBXFileReference; fileEncoding = 4; lastKnownFileType = sourcecode.swift; path = ContentView_081.swift; sourceTree = "<group>"; };
		2F3538322C352E29007CCC78 /* ContentView_090.swift */ = {isa = PBXFileReference; fileEncoding = 4; lastKnownFileType = sourcecode.swift; path = ContentView_090.swift; sourceTree = "<group>"; };
		2F3538342C3633B1007CCC78 /* ContentView_091.swift */ = {isa = PBXFileReference; fileEncoding = 4; lastKnownFileType = sourcecode.swift; path = ContentView_091.swift; sourceTree = "<group>"; };
		2F3538362C377C7E007CCC78 /* ContentView_092.swift */ = {isa = PBXFileReference; fileEncoding = 4; lastKnownFileType = sourcecode.swift; path = ContentView_092.swift; sourceTree = "<group>"; };
		2F6F5A002C003A0B001049B3 /* ContentView_037.swift */ = {isa = PBXFileReference; fileEncoding = 4; lastKnownFileType = sourcecode.swift; path = ContentView_037.swift; sourceTree = "<group>"; };
		2F6F5A022C003DEF001049B3 /* ContentView_038.swift */ = {isa = PBXFileReference; fileEncoding = 4; lastKnownFileType = sourcecode.swift; path = ContentView_038.swift; sourceTree = "<group>"; };
		2F6F5A042C003F34001049B3 /* ContentView_039.swift */ = {isa = PBXFileReference; fileEncoding = 4; lastKnownFileType = sourcecode.swift; path = ContentView_039.swift; sourceTree = "<group>"; };
		2F8F88892C05EA2800A3DF90 /* ContentView_040.swift */ = {isa = PBXFileReference; fileEncoding = 4; lastKnownFileType = sourcecode.swift; path = ContentView_040.swift; sourceTree = "<group>"; };
		2F8F888B2C05EE1A00A3DF90 /* ContentView_041.swift */ = {isa = PBXFileReference; fileEncoding = 4; lastKnownFileType = sourcecode.swift; path = ContentView_041.swift; sourceTree = "<group>"; };
		2F8F888D2C0855DA00A3DF90 /* ContentView_043.swift */ = {isa = PBXFileReference; fileEncoding = 4; lastKnownFileType = sourcecode.swift; path = ContentView_043.swift; sourceTree = "<group>"; };
		2F8F88912C085BC500A3DF90 /* ContentView_042.swift */ = {isa = PBXFileReference; fileEncoding = 4; lastKnownFileType = sourcecode.swift; path = ContentView_042.swift; sourceTree = "<group>"; };
		2F8F88932C08610200A3DF90 /* ContentView_044.swift */ = {isa = PBXFileReference; fileEncoding = 4; lastKnownFileType = sourcecode.swift; path = ContentView_044.swift; sourceTree = "<group>"; };
		2F8F88952C08667700A3DF90 /* ContentView_045.swift */ = {isa = PBXFileReference; fileEncoding = 4; lastKnownFileType = sourcecode.swift; path = ContentView_045.swift; sourceTree = "<group>"; };
		2F91A56E2BF465F300E5B7D3 /* ContentView_023.swift */ = {isa = PBXFileReference; fileEncoding = 4; lastKnownFileType = sourcecode.swift; path = ContentView_023.swift; sourceTree = "<group>"; };
		2F91A5702BF4B84A00E5B7D3 /* ContentView_024.swift */ = {isa = PBXFileReference; fileEncoding = 4; lastKnownFileType = sourcecode.swift; path = ContentView_024.swift; sourceTree = "<group>"; };
		2F91A5722BF5E02700E5B7D3 /* ContentView_025.swift */ = {isa = PBXFileReference; fileEncoding = 4; lastKnownFileType = sourcecode.swift; path = ContentView_025.swift; sourceTree = "<group>"; };
		2F91A5762BF759AB00E5B7D3 /* ContentView_026.swift */ = {isa = PBXFileReference; fileEncoding = 4; lastKnownFileType = sourcecode.swift; path = ContentView_026.swift; sourceTree = "<group>"; };
		2F91A57A2BF75F9B00E5B7D3 /* ContentView_027.swift */ = {isa = PBXFileReference; fileEncoding = 4; lastKnownFileType = sourcecode.swift; path = ContentView_027.swift; sourceTree = "<group>"; };
		2F91A57C2BFB19F600E5B7D3 /* ContentView_028.swift */ = {isa = PBXFileReference; fileEncoding = 4; lastKnownFileType = sourcecode.swift; path = ContentView_028.swift; sourceTree = "<group>"; };
		2F91A57E2BFB1C0D00E5B7D3 /* ContentView_029.swift */ = {isa = PBXFileReference; fileEncoding = 4; lastKnownFileType = sourcecode.swift; path = ContentView_029.swift; sourceTree = "<group>"; };
		2F91A5802BFB1E3900E5B7D3 /* ContentView_030.swift */ = {isa = PBXFileReference; fileEncoding = 4; lastKnownFileType = sourcecode.swift; path = ContentView_030.swift; sourceTree = "<group>"; };
		2F91A5822BFC418B00E5B7D3 /* ContentView_031.swift */ = {isa = PBXFileReference; fileEncoding = 4; lastKnownFileType = sourcecode.swift; path = ContentView_031.swift; sourceTree = "<group>"; };
		2F91A5842BFC437D00E5B7D3 /* ContentView_032.swift */ = {isa = PBXFileReference; fileEncoding = 4; lastKnownFileType = sourcecode.swift; path = ContentView_032.swift; sourceTree = "<group>"; };
		2F91A5862BFC95B500E5B7D3 /* ContentView_033.swift */ = {isa = PBXFileReference; fileEncoding = 4; lastKnownFileType = sourcecode.swift; path = ContentView_033.swift; sourceTree = "<group>"; };
		2F91A5882BFD963C00E5B7D3 /* ContentView_034.swift */ = {isa = PBXFileReference; fileEncoding = 4; lastKnownFileType = sourcecode.swift; path = ContentView_034.swift; sourceTree = "<group>"; };
		2F91A58A2BFD9D3900E5B7D3 /* ContentView_035.swift */ = {isa = PBXFileReference; fileEncoding = 4; lastKnownFileType = sourcecode.swift; path = ContentView_035.swift; sourceTree = "<group>"; };
		2F91A58C2BFDA01B00E5B7D3 /* ContentView_036.swift */ = {isa = PBXFileReference; fileEncoding = 4; lastKnownFileType = sourcecode.swift; path = ContentView_036.swift; sourceTree = "<group>"; };
		2FBFAA7F2BE9B6A200299F05 /* ContentView_008.swift */ = {isa = PBXFileReference; fileEncoding = 4; lastKnownFileType = sourcecode.swift; path = ContentView_008.swift; sourceTree = "<group>"; };
		2FBFAA812BE9B8FE00299F05 /* ContentView_009.swift */ = {isa = PBXFileReference; fileEncoding = 4; lastKnownFileType = sourcecode.swift; path = ContentView_009.swift; sourceTree = "<group>"; };
		2FBFAA842BE9BA8600299F05 /* ContentView_010.swift */ = {isa = PBXFileReference; fileEncoding = 4; lastKnownFileType = sourcecode.swift; path = ContentView_010.swift; sourceTree = "<group>"; };
		2FBFAA862BEB208000299F05 /* ContentView_011.swift */ = {isa = PBXFileReference; fileEncoding = 4; lastKnownFileType = sourcecode.swift; path = ContentView_011.swift; sourceTree = "<group>"; };
		2FBFAA882BEB230100299F05 /* ContentView_012.swift */ = {isa = PBXFileReference; fileEncoding = 4; lastKnownFileType = sourcecode.swift; path = ContentView_012.swift; sourceTree = "<group>"; };
		2FBFAA8A2BEB241600299F05 /* ContentView_013.swift */ = {isa = PBXFileReference; fileEncoding = 4; lastKnownFileType = sourcecode.swift; path = ContentView_013.swift; sourceTree = "<group>"; };
		2FBFAA8C2BEB26EC00299F05 /* ContentView_014.swift */ = {isa = PBXFileReference; fileEncoding = 4; lastKnownFileType = sourcecode.swift; path = ContentView_014.swift; sourceTree = "<group>"; };
		2FBFAA8E2BEB28FC00299F05 /* ContentView_015.swift */ = {isa = PBXFileReference; fileEncoding = 4; lastKnownFileType = sourcecode.swift; path = ContentView_015.swift; sourceTree = "<group>"; };
		2FBFAA912BECA6C100299F05 /* ContentView_016.swift */ = {isa = PBXFileReference; fileEncoding = 4; lastKnownFileType = sourcecode.swift; path = ContentView_016.swift; sourceTree = "<group>"; };
		2FBFAA932BECF19500299F05 /* ContentView_017.swift */ = {isa = PBXFileReference; fileEncoding = 4; lastKnownFileType = sourcecode.swift; path = ContentView_017.swift; sourceTree = "<group>"; };
		2FBFAA952BEDA14300299F05 /* ContentView_018.swift */ = {isa = PBXFileReference; fileEncoding = 4; lastKnownFileType = sourcecode.swift; path = ContentView_018.swift; sourceTree = "<group>"; };
		2FBFAA972BEDA85000299F05 /* ContentView_019.swift */ = {isa = PBXFileReference; fileEncoding = 4; lastKnownFileType = sourcecode.swift; path = ContentView_019.swift; sourceTree = "<group>"; };
		2FBFAA992BEDAD5D00299F05 /* ContentView_020.swift */ = {isa = PBXFileReference; fileEncoding = 4; lastKnownFileType = sourcecode.swift; path = ContentView_020.swift; sourceTree = "<group>"; };
		2FD6A1D62C170B8300E82E6B /* ContentView_056.swift */ = {isa = PBXFileReference; fileEncoding = 4; lastKnownFileType = sourcecode.swift; path = ContentView_056.swift; sourceTree = "<group>"; };
		2FD6A1D82C17EE0B00E82E6B /* ContentView_057.swift */ = {isa = PBXFileReference; fileEncoding = 4; lastKnownFileType = sourcecode.swift; path = ContentView_057.swift; sourceTree = "<group>"; };
		2FD6A1DA2C19864E00E82E6B /* ContentView_058.swift */ = {isa = PBXFileReference; fileEncoding = 4; lastKnownFileType = sourcecode.swift; path = ContentView_058.swift; sourceTree = "<group>"; };
		2FD6A1DC2C19887000E82E6B /* ContentView_059.swift */ = {isa = PBXFileReference; fileEncoding = 4; lastKnownFileType = sourcecode.swift; path = ContentView_059.swift; sourceTree = "<group>"; };
		2FD6A1E02C198EC600E82E6B /* ContentView_060.swift */ = {isa = PBXFileReference; fileEncoding = 4; lastKnownFileType = sourcecode.swift; path = ContentView_060.swift; sourceTree = "<group>"; };
		2FD6A1E22C1A845200E82E6B /* ContentView_062.swift */ = {isa = PBXFileReference; fileEncoding = 4; lastKnownFileType = sourcecode.swift; path = ContentView_062.swift; sourceTree = "<group>"; };
		2FD6A1E42C1AC13200E82E6B /* ContentView_063.swift */ = {isa = PBXFileReference; fileEncoding = 4; lastKnownFileType = sourcecode.swift; path = ContentView_063.swift; sourceTree = "<group>"; };
		2FD6A1E62C1AC1AC00E82E6B /* Info.plist */ = {isa = PBXFileReference; lastKnownFileType = text.plist; path = Info.plist; sourceTree = "<group>"; };
		2FD6A1E72C1BECA700E82E6B /* ContentView_065.swift */ = {isa = PBXFileReference; fileEncoding = 4; lastKnownFileType = sourcecode.swift; path = ContentView_065.swift; sourceTree = "<group>"; };
		2FD6A1EB2C1BFFCE00E82E6B /* LocationManager.swift */ = {isa = PBXFileReference; lastKnownFileType = sourcecode.swift; path = LocationManager.swift; sourceTree = "<group>"; };
		2FD6A1EF2C1C016A00E82E6B /* ContentView_078.swift */ = {isa = PBXFileReference; fileEncoding = 4; lastKnownFileType = sourcecode.swift; path = ContentView_078.swift; sourceTree = "<group>"; };
		2FD6A1F12C211E2000E82E6B /* ContentView_079.swift */ = {isa = PBXFileReference; fileEncoding = 4; lastKnownFileType = sourcecode.swift; path = ContentView_079.swift; sourceTree = "<group>"; };
		2FD6A1F32C227C9D00E82E6B /* ContentView_080.swift */ = {isa = PBXFileReference; fileEncoding = 4; lastKnownFileType = sourcecode.swift; path = ContentView_080.swift; sourceTree = "<group>"; };
		2FD9D1402C095ADC009AD76F /* ContentView_046.swift */ = {isa = PBXFileReference; fileEncoding = 4; lastKnownFileType = sourcecode.swift; path = ContentView_046.swift; sourceTree = "<group>"; };
		2FD9D1422C095EEC009AD76F /* ContentView_048.swift */ = {isa = PBXFileReference; fileEncoding = 4; lastKnownFileType = sourcecode.swift; path = ContentView_048.swift; sourceTree = "<group>"; };
		2FE0D44E2BE1F7FB000AC1A0 /* SwiftUI-100-Knocks-Challenge.app */ = {isa = PBXFileReference; explicitFileType = wrapper.application; includeInIndex = 0; path = "SwiftUI-100-Knocks-Challenge.app"; sourceTree = BUILT_PRODUCTS_DIR; };
		2FE0D4512BE1F7FB000AC1A0 /* SwiftUI_100_Knocks_ChallengeApp.swift */ = {isa = PBXFileReference; lastKnownFileType = sourcecode.swift; path = SwiftUI_100_Knocks_ChallengeApp.swift; sourceTree = "<group>"; };
		2FE0D4552BE1F7FC000AC1A0 /* Assets.xcassets */ = {isa = PBXFileReference; lastKnownFileType = folder.assetcatalog; path = Assets.xcassets; sourceTree = "<group>"; };
		2FE0D4582BE1F7FC000AC1A0 /* Preview Assets.xcassets */ = {isa = PBXFileReference; lastKnownFileType = folder.assetcatalog; path = "Preview Assets.xcassets"; sourceTree = "<group>"; };
		2FE0D4612BE1F878000AC1A0 /* ContentView_001.swift */ = {isa = PBXFileReference; lastKnownFileType = sourcecode.swift; path = ContentView_001.swift; sourceTree = "<group>"; };
		2FE0D4662BE21EBE000AC1A0 /* ContentView_002.swift */ = {isa = PBXFileReference; lastKnownFileType = sourcecode.swift; path = ContentView_002.swift; sourceTree = "<group>"; };
		2FE0D4692BE21FDF000AC1A0 /* ContentView_003.swift */ = {isa = PBXFileReference; lastKnownFileType = sourcecode.swift; path = ContentView_003.swift; sourceTree = "<group>"; };
		2FE0D46F2BE22FA3000AC1A0 /* ViewWithTitle.swift */ = {isa = PBXFileReference; lastKnownFileType = sourcecode.swift; path = ViewWithTitle.swift; sourceTree = "<group>"; };
		2FE0D4772BE32B23000AC1A0 /* ContentView_004.swift */ = {isa = PBXFileReference; lastKnownFileType = sourcecode.swift; path = ContentView_004.swift; sourceTree = "<group>"; };
		2FE0D4792BE32E4A000AC1A0 /* ContentView_005.swift */ = {isa = PBXFileReference; fileEncoding = 4; lastKnownFileType = sourcecode.swift; path = ContentView_005.swift; sourceTree = "<group>"; };
		2FE0D47B2BE3300E000AC1A0 /* ContentView_006.swift */ = {isa = PBXFileReference; fileEncoding = 4; lastKnownFileType = sourcecode.swift; path = ContentView_006.swift; sourceTree = "<group>"; };
		2FE0D47D2BE9AFE9000AC1A0 /* ContentView_007.swift */ = {isa = PBXFileReference; fileEncoding = 4; lastKnownFileType = sourcecode.swift; path = ContentView_007.swift; sourceTree = "<group>"; };
		2FF655BF2C0DAD1F00B02015 /* ContentView_049.swift */ = {isa = PBXFileReference; fileEncoding = 4; lastKnownFileType = sourcecode.swift; path = ContentView_049.swift; sourceTree = "<group>"; };
		2FF655C32C0DAEF400B02015 /* melody.mp3 */ = {isa = PBXFileReference; lastKnownFileType = audio.mp3; path = melody.mp3; sourceTree = "<group>"; };
		2FF655C52C0EAA1800B02015 /* ContentView_050.swift */ = {isa = PBXFileReference; fileEncoding = 4; lastKnownFileType = sourcecode.swift; path = ContentView_050.swift; sourceTree = "<group>"; };
		2FF655C82C0EB55800B02015 /* SortButton.swift */ = {isa = PBXFileReference; lastKnownFileType = sourcecode.swift; path = SortButton.swift; sourceTree = "<group>"; };
/* End PBXFileReference section */

/* Begin PBXFrameworksBuildPhase section */
		2FE0D44B2BE1F7FB000AC1A0 /* Frameworks */ = {
			isa = PBXFrameworksBuildPhase;
			buildActionMask = 2147483647;
			files = (
			);
			runOnlyForDeploymentPostprocessing = 0;
		};
/* End PBXFrameworksBuildPhase section */

/* Begin PBXGroup section */
		2F01CDEA2C107DF900CA4137 /* Extension */ = {
			isa = PBXGroup;
			children = (
				2F01CDEB2C107E0500CA4137 /* Double+.swift */,
				2F29D8C52C3FD43200F39A45 /* AttributedString+.swift */,
			);
			path = Extension;
			sourceTree = "<group>";
		};
		2FD6A1E92C1BFFB800E82E6B /* Manager */ = {
			isa = PBXGroup;
			children = (
				2FD6A1EA2C1BFFC500E82E6B /* Location */,
			);
			path = Manager;
			sourceTree = "<group>";
		};
		2FD6A1EA2C1BFFC500E82E6B /* Location */ = {
			isa = PBXGroup;
			children = (
				2FD6A1EB2C1BFFCE00E82E6B /* LocationManager.swift */,
			);
			path = Location;
			sourceTree = "<group>";
		};
		2FE0D4452BE1F7FB000AC1A0 = {
			isa = PBXGroup;
			children = (
				2FE0D4502BE1F7FB000AC1A0 /* SwiftUI-100-Knocks-Challenge */,
				2FE0D44F2BE1F7FB000AC1A0 /* Products */,
			);
			sourceTree = "<group>";
		};
		2FE0D44F2BE1F7FB000AC1A0 /* Products */ = {
			isa = PBXGroup;
			children = (
				2FE0D44E2BE1F7FB000AC1A0 /* SwiftUI-100-Knocks-Challenge.app */,
			);
			name = Products;
			sourceTree = "<group>";
		};
		2FE0D4502BE1F7FB000AC1A0 /* SwiftUI-100-Knocks-Challenge */ = {
			isa = PBXGroup;
			children = (
				2FD6A1E62C1AC1AC00E82E6B /* Info.plist */,
				2F01CDEA2C107DF900CA4137 /* Extension */,
				2FD6A1E92C1BFFB800E82E6B /* Manager */,
				2FF655C12C0DAED700B02015 /* Resources */,
				2FE0D45F2BE1F864000AC1A0 /* Views */,
				2FE0D4512BE1F7FB000AC1A0 /* SwiftUI_100_Knocks_ChallengeApp.swift */,
				2FE0D4552BE1F7FC000AC1A0 /* Assets.xcassets */,
				2FE0D4572BE1F7FC000AC1A0 /* Preview Content */,
			);
			path = "SwiftUI-100-Knocks-Challenge";
			sourceTree = "<group>";
		};
		2FE0D4572BE1F7FC000AC1A0 /* Preview Content */ = {
			isa = PBXGroup;
			children = (
				2FE0D4582BE1F7FC000AC1A0 /* Preview Assets.xcassets */,
			);
			path = "Preview Content";
			sourceTree = "<group>";
		};
		2FE0D45F2BE1F864000AC1A0 /* Views */ = {
			isa = PBXGroup;
			children = (
				2FF655C72C0EB54200B02015 /* Utilities */,
				2FE0D46E2BE22F98000AC1A0 /* Protocol */,
				2FE0D4612BE1F878000AC1A0 /* ContentView_001.swift */,
				2FE0D4662BE21EBE000AC1A0 /* ContentView_002.swift */,
				2FE0D4692BE21FDF000AC1A0 /* ContentView_003.swift */,
				2FE0D4772BE32B23000AC1A0 /* ContentView_004.swift */,
				2FE0D4792BE32E4A000AC1A0 /* ContentView_005.swift */,
				2FE0D47B2BE3300E000AC1A0 /* ContentView_006.swift */,
				2FE0D47D2BE9AFE9000AC1A0 /* ContentView_007.swift */,
				2FBFAA7F2BE9B6A200299F05 /* ContentView_008.swift */,
				2FBFAA812BE9B8FE00299F05 /* ContentView_009.swift */,
				2FBFAA842BE9BA8600299F05 /* ContentView_010.swift */,
				2FBFAA862BEB208000299F05 /* ContentView_011.swift */,
				2FBFAA882BEB230100299F05 /* ContentView_012.swift */,
				2FBFAA8A2BEB241600299F05 /* ContentView_013.swift */,
				2FBFAA8C2BEB26EC00299F05 /* ContentView_014.swift */,
				2FBFAA8E2BEB28FC00299F05 /* ContentView_015.swift */,
				2FBFAA912BECA6C100299F05 /* ContentView_016.swift */,
				2FBFAA932BECF19500299F05 /* ContentView_017.swift */,
				2FBFAA952BEDA14300299F05 /* ContentView_018.swift */,
				2FBFAA972BEDA85000299F05 /* ContentView_019.swift */,
				2FBFAA992BEDAD5D00299F05 /* ContentView_020.swift */,
				2F0C23E02BF45CED0052EF35 /* ContentView_021.swift */,
				2F0C23E22BF4621F0052EF35 /* ContentView_022.swift */,
				2F91A56E2BF465F300E5B7D3 /* ContentView_023.swift */,
				2F91A5702BF4B84A00E5B7D3 /* ContentView_024.swift */,
				2F91A5722BF5E02700E5B7D3 /* ContentView_025.swift */,
				2F91A5762BF759AB00E5B7D3 /* ContentView_026.swift */,
				2F91A57A2BF75F9B00E5B7D3 /* ContentView_027.swift */,
				2F91A57C2BFB19F600E5B7D3 /* ContentView_028.swift */,
				2F91A57E2BFB1C0D00E5B7D3 /* ContentView_029.swift */,
				2F91A5802BFB1E3900E5B7D3 /* ContentView_030.swift */,
				2F91A5822BFC418B00E5B7D3 /* ContentView_031.swift */,
				2F91A5842BFC437D00E5B7D3 /* ContentView_032.swift */,
				2F91A5862BFC95B500E5B7D3 /* ContentView_033.swift */,
				2F91A5882BFD963C00E5B7D3 /* ContentView_034.swift */,
				2F91A58A2BFD9D3900E5B7D3 /* ContentView_035.swift */,
				2F91A58C2BFDA01B00E5B7D3 /* ContentView_036.swift */,
				2F6F5A002C003A0B001049B3 /* ContentView_037.swift */,
				2F6F5A022C003DEF001049B3 /* ContentView_038.swift */,
				2F6F5A042C003F34001049B3 /* ContentView_039.swift */,
				2F8F88892C05EA2800A3DF90 /* ContentView_040.swift */,
				2F8F888B2C05EE1A00A3DF90 /* ContentView_041.swift */,
				2F8F88912C085BC500A3DF90 /* ContentView_042.swift */,
				2F8F888D2C0855DA00A3DF90 /* ContentView_043.swift */,
				2F8F88932C08610200A3DF90 /* ContentView_044.swift */,
				2F8F88952C08667700A3DF90 /* ContentView_045.swift */,
				2FD9D1402C095ADC009AD76F /* ContentView_046.swift */,
				2FD9D1422C095EEC009AD76F /* ContentView_048.swift */,
				2FF655BF2C0DAD1F00B02015 /* ContentView_049.swift */,
				2FF655C52C0EAA1800B02015 /* ContentView_050.swift */,
				2F01CDE72C1072A900CA4137 /* ContentView_051.swift */,
				2F252A5C2C11B11300B240BE /* ContentView_052.swift */,
				2F252A5E2C129AFA00B240BE /* ContentView_053.swift */,
				2F252A602C12A31F00B240BE /* ContentView_054.swift */,
				2F252A622C12A7F500B240BE /* ContentView_055.swift */,
				2FD6A1D62C170B8300E82E6B /* ContentView_056.swift */,
				2FD6A1D82C17EE0B00E82E6B /* ContentView_057.swift */,
				2FD6A1DA2C19864E00E82E6B /* ContentView_058.swift */,
				2FD6A1DC2C19887000E82E6B /* ContentView_059.swift */,
				2FD6A1E02C198EC600E82E6B /* ContentView_060.swift */,
				2FD6A1E22C1A845200E82E6B /* ContentView_062.swift */,
				2FD6A1E42C1AC13200E82E6B /* ContentView_063.swift */,
				2FD6A1E72C1BECA700E82E6B /* ContentView_065.swift */,
				2FD6A1EF2C1C016A00E82E6B /* ContentView_078.swift */,
				2FD6A1F12C211E2000E82E6B /* ContentView_079.swift */,
				2FD6A1F32C227C9D00E82E6B /* ContentView_080.swift */,
				2F3538302C2BA42B007CCC78 /* ContentView_081.swift */,
				2F3538322C352E29007CCC78 /* ContentView_090.swift */,
				2F3538342C3633B1007CCC78 /* ContentView_091.swift */,
				2F3538362C377C7E007CCC78 /* ContentView_092.swift */,
				2F29D8C32C3FD01300F39A45 /* ContentView_093.swift */,
				2F004B2E2C576D8A0079CC95 /* ContentView_094.swift */,
			);
			path = Views;
			sourceTree = "<group>";
		};
		2FE0D46E2BE22F98000AC1A0 /* Protocol */ = {
			isa = PBXGroup;
			children = (
				2FE0D46F2BE22FA3000AC1A0 /* ViewWithTitle.swift */,
			);
			path = Protocol;
			sourceTree = "<group>";
		};
		2FF655C12C0DAED700B02015 /* Resources */ = {
			isa = PBXGroup;
			children = (
				2FF655C22C0DAEE500B02015 /* Media */,
			);
			path = Resources;
			sourceTree = "<group>";
		};
		2FF655C22C0DAEE500B02015 /* Media */ = {
			isa = PBXGroup;
			children = (
				2FF655C32C0DAEF400B02015 /* melody.mp3 */,
			);
			path = Media;
			sourceTree = "<group>";
		};
		2FF655C72C0EB54200B02015 /* Utilities */ = {
			isa = PBXGroup;
			children = (
				2FF655C82C0EB55800B02015 /* SortButton.swift */,
			);
			path = Utilities;
			sourceTree = "<group>";
		};
/* End PBXGroup section */

/* Begin PBXNativeTarget section */
		2FE0D44D2BE1F7FB000AC1A0 /* SwiftUI-100-Knocks-Challenge */ = {
			isa = PBXNativeTarget;
			buildConfigurationList = 2FE0D45C2BE1F7FC000AC1A0 /* Build configuration list for PBXNativeTarget "SwiftUI-100-Knocks-Challenge" */;
			buildPhases = (
				2FE0D44A2BE1F7FB000AC1A0 /* Sources */,
				2FE0D44B2BE1F7FB000AC1A0 /* Frameworks */,
				2FE0D44C2BE1F7FB000AC1A0 /* Resources */,
			);
			buildRules = (
			);
			dependencies = (
			);
			name = "SwiftUI-100-Knocks-Challenge";
			productName = "SwiftUI-100-Knocks-Challenge";
			productReference = 2FE0D44E2BE1F7FB000AC1A0 /* SwiftUI-100-Knocks-Challenge.app */;
			productType = "com.apple.product-type.application";
		};
/* End PBXNativeTarget section */

/* Begin PBXProject section */
		2FE0D4462BE1F7FB000AC1A0 /* Project object */ = {
			isa = PBXProject;
			attributes = {
				BuildIndependentTargetsInParallel = 1;
				LastSwiftUpdateCheck = 1510;
				LastUpgradeCheck = 1510;
				TargetAttributes = {
					2FE0D44D2BE1F7FB000AC1A0 = {
						CreatedOnToolsVersion = 15.1;
					};
				};
			};
			buildConfigurationList = 2FE0D4492BE1F7FB000AC1A0 /* Build configuration list for PBXProject "SwiftUI-100-Knocks-Challenge" */;
			compatibilityVersion = "Xcode 14.0";
			developmentRegion = en;
			hasScannedForEncodings = 0;
			knownRegions = (
				en,
				Base,
			);
			mainGroup = 2FE0D4452BE1F7FB000AC1A0;
			productRefGroup = 2FE0D44F2BE1F7FB000AC1A0 /* Products */;
			projectDirPath = "";
			projectRoot = "";
			targets = (
				2FE0D44D2BE1F7FB000AC1A0 /* SwiftUI-100-Knocks-Challenge */,
			);
		};
/* End PBXProject section */

/* Begin PBXResourcesBuildPhase section */
		2FE0D44C2BE1F7FB000AC1A0 /* Resources */ = {
			isa = PBXResourcesBuildPhase;
			buildActionMask = 2147483647;
			files = (
				2FF655C42C0DAEF400B02015 /* melody.mp3 in Resources */,
				2FE0D4592BE1F7FC000AC1A0 /* Preview Assets.xcassets in Resources */,
				2FE0D4562BE1F7FC000AC1A0 /* Assets.xcassets in Resources */,
			);
			runOnlyForDeploymentPostprocessing = 0;
		};
/* End PBXResourcesBuildPhase section */

/* Begin PBXSourcesBuildPhase section */
		2FE0D44A2BE1F7FB000AC1A0 /* Sources */ = {
			isa = PBXSourcesBuildPhase;
			buildActionMask = 2147483647;
			files = (
				2F6F5A032C003DEF001049B3 /* ContentView_038.swift in Sources */,
				2F29D8C42C3FD01300F39A45 /* ContentView_093.swift in Sources */,
				2FE0D46A2BE21FDF000AC1A0 /* ContentView_003.swift in Sources */,
				2F0C23E32BF4621F0052EF35 /* ContentView_022.swift in Sources */,
				2FBFAA802BE9B6A200299F05 /* ContentView_008.swift in Sources */,
				2FF655C02C0DAD1F00B02015 /* ContentView_049.swift in Sources */,
				2F8F888C2C05EE1A00A3DF90 /* ContentView_041.swift in Sources */,
				2FD6A1E12C198EC600E82E6B /* ContentView_060.swift in Sources */,
				2F91A56F2BF465F300E5B7D3 /* ContentView_023.swift in Sources */,
				2FBFAA982BEDA85000299F05 /* ContentView_019.swift in Sources */,
				2F91A57F2BFB1C0D00E5B7D3 /* ContentView_029.swift in Sources */,
				2F252A632C12A7F500B240BE /* ContentView_055.swift in Sources */,
				2F29D8C62C3FD43200F39A45 /* AttributedString+.swift in Sources */,
				2F8F88922C085BC500A3DF90 /* ContentView_042.swift in Sources */,
				2F01CDEC2C107E0500CA4137 /* Double+.swift in Sources */,
				2F6F5A012C003A0B001049B3 /* ContentView_037.swift in Sources */,
				2F3538332C352E29007CCC78 /* ContentView_090.swift in Sources */,
				2FBFAA942BECF19500299F05 /* ContentView_017.swift in Sources */,
				2F8F888A2C05EA2800A3DF90 /* ContentView_040.swift in Sources */,
				2FD6A1D72C170B8300E82E6B /* ContentView_056.swift in Sources */,
				2FD6A1F42C227C9D00E82E6B /* ContentView_080.swift in Sources */,
				2F0C23E12BF45CED0052EF35 /* ContentView_021.swift in Sources */,
				2FE0D4622BE1F878000AC1A0 /* ContentView_001.swift in Sources */,
				2F6F5A052C003F34001049B3 /* ContentView_039.swift in Sources */,
				2FD6A1DB2C19864E00E82E6B /* ContentView_058.swift in Sources */,
				2FE0D4672BE21EBE000AC1A0 /* ContentView_002.swift in Sources */,
				2FD6A1DD2C19887000E82E6B /* ContentView_059.swift in Sources */,
				2FE0D47C2BE3300E000AC1A0 /* ContentView_006.swift in Sources */,
				2F3538352C3633B1007CCC78 /* ContentView_091.swift in Sources */,
				2F004B2F2C576D8A0079CC95 /* ContentView_094.swift in Sources */,
				2F91A57B2BF75F9B00E5B7D3 /* ContentView_027.swift in Sources */,
				2FBFAA872BEB208000299F05 /* ContentView_011.swift in Sources */,
				2FBFAA922BECA6C100299F05 /* ContentView_016.swift in Sources */,
				2F91A5732BF5E02700E5B7D3 /* ContentView_025.swift in Sources */,
				2FD6A1D92C17EE0B00E82E6B /* ContentView_057.swift in Sources */,
				2FD6A1E32C1A845200E82E6B /* ContentView_062.swift in Sources */,
				2FF655C62C0EAA1800B02015 /* ContentView_050.swift in Sources */,
				2FF655C92C0EB55800B02015 /* SortButton.swift in Sources */,
				2F91A5832BFC418B00E5B7D3 /* ContentView_031.swift in Sources */,
				2F91A5772BF759AC00E5B7D3 /* ContentView_026.swift in Sources */,
				2F252A5D2C11B11300B240BE /* ContentView_052.swift in Sources */,
				2F91A5872BFC95B500E5B7D3 /* ContentView_033.swift in Sources */,
				2FE0D4782BE32B23000AC1A0 /* ContentView_004.swift in Sources */,
				2FD9D1432C095EEC009AD76F /* ContentView_048.swift in Sources */,
				2FBFAA8F2BEB28FC00299F05 /* ContentView_015.swift in Sources */,
				2F91A5892BFD963C00E5B7D3 /* ContentView_034.swift in Sources */,
				2FBFAA962BEDA14300299F05 /* ContentView_018.swift in Sources */,
				2F8F888E2C0855DA00A3DF90 /* ContentView_043.swift in Sources */,
				2F252A612C12A31F00B240BE /* ContentView_054.swift in Sources */,
				2FBFAA852BE9BA8600299F05 /* ContentView_010.swift in Sources */,
				2FBFAA8B2BEB241600299F05 /* ContentView_013.swift in Sources */,
				2F3538312C2BA42B007CCC78 /* ContentView_081.swift in Sources */,
				2FD6A1EC2C1BFFCE00E82E6B /* LocationManager.swift in Sources */,
				2F252A5F2C129AFA00B240BE /* ContentView_053.swift in Sources */,
				2FBFAA892BEB230100299F05 /* ContentView_012.swift in Sources */,
				2FD6A1F22C211E2000E82E6B /* ContentView_079.swift in Sources */,
				2FBFAA8D2BEB26EC00299F05 /* ContentView_014.swift in Sources */,
				2F01CDE82C1072A900CA4137 /* ContentView_051.swift in Sources */,
				2FE0D47A2BE32E4A000AC1A0 /* ContentView_005.swift in Sources */,
				2F91A5812BFB1E3900E5B7D3 /* ContentView_030.swift in Sources */,
				2F8F88942C08610200A3DF90 /* ContentView_044.swift in Sources */,
				2FD6A1F02C1C016A00E82E6B /* ContentView_078.swift in Sources */,
				2F91A58D2BFDA01B00E5B7D3 /* ContentView_036.swift in Sources */,
				2F91A58B2BFD9D3900E5B7D3 /* ContentView_035.swift in Sources */,
				2FD6A1E82C1BECA700E82E6B /* ContentView_065.swift in Sources */,
				2FE0D4522BE1F7FB000AC1A0 /* SwiftUI_100_Knocks_ChallengeApp.swift in Sources */,
				2FBFAA822BE9B8FE00299F05 /* ContentView_009.swift in Sources */,
				2F8F88962C08667700A3DF90 /* ContentView_045.swift in Sources */,
				2F91A5852BFC437D00E5B7D3 /* ContentView_032.swift in Sources */,
				2F91A57D2BFB19F600E5B7D3 /* ContentView_028.swift in Sources */,
				2FBFAA9A2BEDAD5D00299F05 /* ContentView_020.swift in Sources */,
				2FE0D47E2BE9AFE9000AC1A0 /* ContentView_007.swift in Sources */,
				2FD6A1E52C1AC13200E82E6B /* ContentView_063.swift in Sources */,
				2FE0D4702BE22FA3000AC1A0 /* ViewWithTitle.swift in Sources */,
				2F91A5712BF4B84A00E5B7D3 /* ContentView_024.swift in Sources */,
				2F3538372C377C7E007CCC78 /* ContentView_092.swift in Sources */,
				2FD9D1412C095ADC009AD76F /* ContentView_046.swift in Sources */,
			);
			runOnlyForDeploymentPostprocessing = 0;
		};
/* End PBXSourcesBuildPhase section */

/* Begin XCBuildConfiguration section */
		2FE0D45A2BE1F7FC000AC1A0 /* Debug */ = {
			isa = XCBuildConfiguration;
			buildSettings = {
				ALWAYS_SEARCH_USER_PATHS = NO;
				ASSETCATALOG_COMPILER_GENERATE_SWIFT_ASSET_SYMBOL_EXTENSIONS = YES;
				CLANG_ANALYZER_NONNULL = YES;
				CLANG_ANALYZER_NUMBER_OBJECT_CONVERSION = YES_AGGRESSIVE;
				CLANG_CXX_LANGUAGE_STANDARD = "gnu++20";
				CLANG_ENABLE_MODULES = YES;
				CLANG_ENABLE_OBJC_ARC = YES;
				CLANG_ENABLE_OBJC_WEAK = YES;
				CLANG_WARN_BLOCK_CAPTURE_AUTORELEASING = YES;
				CLANG_WARN_BOOL_CONVERSION = YES;
				CLANG_WARN_COMMA = YES;
				CLANG_WARN_CONSTANT_CONVERSION = YES;
				CLANG_WARN_DEPRECATED_OBJC_IMPLEMENTATIONS = YES;
				CLANG_WARN_DIRECT_OBJC_ISA_USAGE = YES_ERROR;
				CLANG_WARN_DOCUMENTATION_COMMENTS = YES;
				CLANG_WARN_EMPTY_BODY = YES;
				CLANG_WARN_ENUM_CONVERSION = YES;
				CLANG_WARN_INFINITE_RECURSION = YES;
				CLANG_WARN_INT_CONVERSION = YES;
				CLANG_WARN_NON_LITERAL_NULL_CONVERSION = YES;
				CLANG_WARN_OBJC_IMPLICIT_RETAIN_SELF = YES;
				CLANG_WARN_OBJC_LITERAL_CONVERSION = YES;
				CLANG_WARN_OBJC_ROOT_CLASS = YES_ERROR;
				CLANG_WARN_QUOTED_INCLUDE_IN_FRAMEWORK_HEADER = YES;
				CLANG_WARN_RANGE_LOOP_ANALYSIS = YES;
				CLANG_WARN_STRICT_PROTOTYPES = YES;
				CLANG_WARN_SUSPICIOUS_MOVE = YES;
				CLANG_WARN_UNGUARDED_AVAILABILITY = YES_AGGRESSIVE;
				CLANG_WARN_UNREACHABLE_CODE = YES;
				CLANG_WARN__DUPLICATE_METHOD_MATCH = YES;
				COPY_PHASE_STRIP = NO;
				DEBUG_INFORMATION_FORMAT = dwarf;
				ENABLE_STRICT_OBJC_MSGSEND = YES;
				ENABLE_TESTABILITY = YES;
				ENABLE_USER_SCRIPT_SANDBOXING = YES;
				GCC_C_LANGUAGE_STANDARD = gnu17;
				GCC_DYNAMIC_NO_PIC = NO;
				GCC_NO_COMMON_BLOCKS = YES;
				GCC_OPTIMIZATION_LEVEL = 0;
				GCC_PREPROCESSOR_DEFINITIONS = (
					"DEBUG=1",
					"$(inherited)",
				);
				GCC_WARN_64_TO_32_BIT_CONVERSION = YES;
				GCC_WARN_ABOUT_RETURN_TYPE = YES_ERROR;
				GCC_WARN_UNDECLARED_SELECTOR = YES;
				GCC_WARN_UNINITIALIZED_AUTOS = YES_AGGRESSIVE;
				GCC_WARN_UNUSED_FUNCTION = YES;
				GCC_WARN_UNUSED_VARIABLE = YES;
				IPHONEOS_DEPLOYMENT_TARGET = 17.2;
				LOCALIZATION_PREFERS_STRING_CATALOGS = YES;
				MTL_ENABLE_DEBUG_INFO = INCLUDE_SOURCE;
				MTL_FAST_MATH = YES;
				ONLY_ACTIVE_ARCH = YES;
				SDKROOT = iphoneos;
				SWIFT_ACTIVE_COMPILATION_CONDITIONS = "DEBUG $(inherited)";
				SWIFT_OPTIMIZATION_LEVEL = "-Onone";
			};
			name = Debug;
		};
		2FE0D45B2BE1F7FC000AC1A0 /* Release */ = {
			isa = XCBuildConfiguration;
			buildSettings = {
				ALWAYS_SEARCH_USER_PATHS = NO;
				ASSETCATALOG_COMPILER_GENERATE_SWIFT_ASSET_SYMBOL_EXTENSIONS = YES;
				CLANG_ANALYZER_NONNULL = YES;
				CLANG_ANALYZER_NUMBER_OBJECT_CONVERSION = YES_AGGRESSIVE;
				CLANG_CXX_LANGUAGE_STANDARD = "gnu++20";
				CLANG_ENABLE_MODULES = YES;
				CLANG_ENABLE_OBJC_ARC = YES;
				CLANG_ENABLE_OBJC_WEAK = YES;
				CLANG_WARN_BLOCK_CAPTURE_AUTORELEASING = YES;
				CLANG_WARN_BOOL_CONVERSION = YES;
				CLANG_WARN_COMMA = YES;
				CLANG_WARN_CONSTANT_CONVERSION = YES;
				CLANG_WARN_DEPRECATED_OBJC_IMPLEMENTATIONS = YES;
				CLANG_WARN_DIRECT_OBJC_ISA_USAGE = YES_ERROR;
				CLANG_WARN_DOCUMENTATION_COMMENTS = YES;
				CLANG_WARN_EMPTY_BODY = YES;
				CLANG_WARN_ENUM_CONVERSION = YES;
				CLANG_WARN_INFINITE_RECURSION = YES;
				CLANG_WARN_INT_CONVERSION = YES;
				CLANG_WARN_NON_LITERAL_NULL_CONVERSION = YES;
				CLANG_WARN_OBJC_IMPLICIT_RETAIN_SELF = YES;
				CLANG_WARN_OBJC_LITERAL_CONVERSION = YES;
				CLANG_WARN_OBJC_ROOT_CLASS = YES_ERROR;
				CLANG_WARN_QUOTED_INCLUDE_IN_FRAMEWORK_HEADER = YES;
				CLANG_WARN_RANGE_LOOP_ANALYSIS = YES;
				CLANG_WARN_STRICT_PROTOTYPES = YES;
				CLANG_WARN_SUSPICIOUS_MOVE = YES;
				CLANG_WARN_UNGUARDED_AVAILABILITY = YES_AGGRESSIVE;
				CLANG_WARN_UNREACHABLE_CODE = YES;
				CLANG_WARN__DUPLICATE_METHOD_MATCH = YES;
				COPY_PHASE_STRIP = NO;
				DEBUG_INFORMATION_FORMAT = "dwarf-with-dsym";
				ENABLE_NS_ASSERTIONS = NO;
				ENABLE_STRICT_OBJC_MSGSEND = YES;
				ENABLE_USER_SCRIPT_SANDBOXING = YES;
				GCC_C_LANGUAGE_STANDARD = gnu17;
				GCC_NO_COMMON_BLOCKS = YES;
				GCC_WARN_64_TO_32_BIT_CONVERSION = YES;
				GCC_WARN_ABOUT_RETURN_TYPE = YES_ERROR;
				GCC_WARN_UNDECLARED_SELECTOR = YES;
				GCC_WARN_UNINITIALIZED_AUTOS = YES_AGGRESSIVE;
				GCC_WARN_UNUSED_FUNCTION = YES;
				GCC_WARN_UNUSED_VARIABLE = YES;
				IPHONEOS_DEPLOYMENT_TARGET = 17.2;
				LOCALIZATION_PREFERS_STRING_CATALOGS = YES;
				MTL_ENABLE_DEBUG_INFO = NO;
				MTL_FAST_MATH = YES;
				SDKROOT = iphoneos;
				SWIFT_COMPILATION_MODE = wholemodule;
				VALIDATE_PRODUCT = YES;
			};
			name = Release;
		};
		2FE0D45D2BE1F7FC000AC1A0 /* Debug */ = {
			isa = XCBuildConfiguration;
			buildSettings = {
				ASSETCATALOG_COMPILER_APPICON_NAME = AppIcon;
				ASSETCATALOG_COMPILER_GLOBAL_ACCENT_COLOR_NAME = AccentColor;
				CODE_SIGN_STYLE = Automatic;
				CURRENT_PROJECT_VERSION = 1;
				DEVELOPMENT_ASSET_PATHS = "\"SwiftUI-100-Knocks-Challenge/Preview Content\"";
				DEVELOPMENT_TEAM = 92J5HSCNXQ;
				ENABLE_PREVIEWS = YES;
				GENERATE_INFOPLIST_FILE = YES;
				INFOPLIST_FILE = "SwiftUI-100-Knocks-Challenge/Info.plist";
				INFOPLIST_KEY_UIApplicationSceneManifest_Generation = YES;
				INFOPLIST_KEY_UIApplicationSupportsIndirectInputEvents = YES;
				INFOPLIST_KEY_UILaunchScreen_Generation = YES;
				INFOPLIST_KEY_UISupportedInterfaceOrientations_iPad = "UIInterfaceOrientationPortrait UIInterfaceOrientationPortraitUpsideDown UIInterfaceOrientationLandscapeLeft UIInterfaceOrientationLandscapeRight";
				INFOPLIST_KEY_UISupportedInterfaceOrientations_iPhone = "UIInterfaceOrientationPortrait UIInterfaceOrientationLandscapeLeft UIInterfaceOrientationLandscapeRight";
				LD_RUNPATH_SEARCH_PATHS = (
					"$(inherited)",
					"@executable_path/Frameworks",
				);
				MARKETING_VERSION = 1.0;
				PRODUCT_BUNDLE_IDENTIFIER = "nakandakari.toru.SwiftUI-100-Knocks-Challenge";
				PRODUCT_NAME = "$(TARGET_NAME)";
				SWIFT_EMIT_LOC_STRINGS = YES;
				SWIFT_VERSION = 5.0;
				TARGETED_DEVICE_FAMILY = "1,2";
			};
			name = Debug;
		};
		2FE0D45E2BE1F7FC000AC1A0 /* Release */ = {
			isa = XCBuildConfiguration;
			buildSettings = {
				ASSETCATALOG_COMPILER_APPICON_NAME = AppIcon;
				ASSETCATALOG_COMPILER_GLOBAL_ACCENT_COLOR_NAME = AccentColor;
				CODE_SIGN_STYLE = Automatic;
				CURRENT_PROJECT_VERSION = 1;
				DEVELOPMENT_ASSET_PATHS = "\"SwiftUI-100-Knocks-Challenge/Preview Content\"";
				DEVELOPMENT_TEAM = 92J5HSCNXQ;
				ENABLE_PREVIEWS = YES;
				GENERATE_INFOPLIST_FILE = YES;
				INFOPLIST_FILE = "SwiftUI-100-Knocks-Challenge/Info.plist";
				INFOPLIST_KEY_UIApplicationSceneManifest_Generation = YES;
				INFOPLIST_KEY_UIApplicationSupportsIndirectInputEvents = YES;
				INFOPLIST_KEY_UILaunchScreen_Generation = YES;
				INFOPLIST_KEY_UISupportedInterfaceOrientations_iPad = "UIInterfaceOrientationPortrait UIInterfaceOrientationPortraitUpsideDown UIInterfaceOrientationLandscapeLeft UIInterfaceOrientationLandscapeRight";
				INFOPLIST_KEY_UISupportedInterfaceOrientations_iPhone = "UIInterfaceOrientationPortrait UIInterfaceOrientationLandscapeLeft UIInterfaceOrientationLandscapeRight";
				LD_RUNPATH_SEARCH_PATHS = (
					"$(inherited)",
					"@executable_path/Frameworks",
				);
				MARKETING_VERSION = 1.0;
				PRODUCT_BUNDLE_IDENTIFIER = "nakandakari.toru.SwiftUI-100-Knocks-Challenge";
				PRODUCT_NAME = "$(TARGET_NAME)";
				SWIFT_EMIT_LOC_STRINGS = YES;
				SWIFT_VERSION = 5.0;
				TARGETED_DEVICE_FAMILY = "1,2";
			};
			name = Release;
		};
/* End XCBuildConfiguration section */

/* Begin XCConfigurationList section */
		2FE0D4492BE1F7FB000AC1A0 /* Build configuration list for PBXProject "SwiftUI-100-Knocks-Challenge" */ = {
			isa = XCConfigurationList;
			buildConfigurations = (
				2FE0D45A2BE1F7FC000AC1A0 /* Debug */,
				2FE0D45B2BE1F7FC000AC1A0 /* Release */,
			);
			defaultConfigurationIsVisible = 0;
			defaultConfigurationName = Release;
		};
		2FE0D45C2BE1F7FC000AC1A0 /* Build configuration list for PBXNativeTarget "SwiftUI-100-Knocks-Challenge" */ = {
			isa = XCConfigurationList;
			buildConfigurations = (
				2FE0D45D2BE1F7FC000AC1A0 /* Debug */,
				2FE0D45E2BE1F7FC000AC1A0 /* Release */,
			);
			defaultConfigurationIsVisible = 0;
			defaultConfigurationName = Release;
		};
/* End XCConfigurationList section */
	};
	rootObject = 2FE0D4462BE1F7FB000AC1A0 /* Project object */;
}
